
Microsoft Visual Studio Solution File, Format Version 12.00
# Visual Studio 14
VisualStudioVersion = 14.0.24720.0
MinimumVisualStudioVersion = 10.0.40219.1
Project("{FAE04EC0-301F-11D3-BF4B-00C04F79EFBC}") = "GridClick.Droid", "GridClick\GridClick.Droid\GridClick.Droid.csproj", "{610FF1DC-2260-4C57-9ECB-C84B1208D569}"
EndProject
Project("{FAE04EC0-301F-11D3-BF4B-00C04F79EFBC}") = "GridClick.iOS", "GridClick\GridClick.iOS\GridClick.iOS.csproj", "{DD97D5A4-B86D-4D3E-B47F-752B8FDE81CF}"
EndProject
Project("{FAE04EC0-301F-11D3-BF4B-00C04F79EFBC}") = "GridClick.WinPhone", "GridClick\GridClick.WinPhone\GridClick.WinPhone.csproj", "{FE39B1E2-618E-4155-9844-5FCCAB388229}"
EndProject
Project("{FAE04EC0-301F-11D3-BF4B-00C04F79EFBC}") = "GridClick", "GridClick\GridClick\GridClick.csproj", "{33A197B0-6CC5-4DE6-95AD-F3FD8C823B4F}"
EndProject
Global
	GlobalSection(SolutionConfigurationPlatforms) = preSolution
		Ad-Hoc|Any CPU = Ad-Hoc|Any CPU
		Ad-Hoc|ARM = Ad-Hoc|ARM
		Ad-Hoc|iPhone = Ad-Hoc|iPhone
		Ad-Hoc|iPhoneSimulator = Ad-Hoc|iPhoneSimulator
		Ad-Hoc|x64 = Ad-Hoc|x64
		Ad-Hoc|x86 = Ad-Hoc|x86
		AppStore|Any CPU = AppStore|Any CPU
		AppStore|ARM = AppStore|ARM
		AppStore|iPhone = AppStore|iPhone
		AppStore|iPhoneSimulator = AppStore|iPhoneSimulator
		AppStore|x64 = AppStore|x64
		AppStore|x86 = AppStore|x86
		Debug|Any CPU = Debug|Any CPU
		Debug|ARM = Debug|ARM
		Debug|iPhone = Debug|iPhone
		Debug|iPhoneSimulator = Debug|iPhoneSimulator
		Debug|x64 = Debug|x64
		Debug|x86 = Debug|x86
		Release|Any CPU = Release|Any CPU
		Release|ARM = Release|ARM
		Release|iPhone = Release|iPhone
		Release|iPhoneSimulator = Release|iPhoneSimulator
		Release|x64 = Release|x64
		Release|x86 = Release|x86
	EndGlobalSection
	GlobalSection(ProjectConfigurationPlatforms) = postSolution
		{610FF1DC-2260-4C57-9ECB-C84B1208D569}.Ad-Hoc|Any CPU.ActiveCfg = Release|Any CPU
		{610FF1DC-2260-4C57-9ECB-C84B1208D569}.Ad-Hoc|Any CPU.Build.0 = Release|Any CPU
		{610FF1DC-2260-4C57-9ECB-C84B1208D569}.Ad-Hoc|Any CPU.Deploy.0 = Release|Any CPU
		{610FF1DC-2260-4C57-9ECB-C84B1208D569}.Ad-Hoc|ARM.ActiveCfg = Release|Any CPU
		{610FF1DC-2260-4C57-9ECB-C84B1208D569}.Ad-Hoc|ARM.Build.0 = Release|Any CPU
		{610FF1DC-2260-4C57-9ECB-C84B1208D569}.Ad-Hoc|ARM.Deploy.0 = Release|Any CPU
		{610FF1DC-2260-4C57-9ECB-C84B1208D569}.Ad-Hoc|iPhone.ActiveCfg = Release|Any CPU
		{610FF1DC-2260-4C57-9ECB-C84B1208D569}.Ad-Hoc|iPhone.Build.0 = Release|Any CPU
		{610FF1DC-2260-4C57-9ECB-C84B1208D569}.Ad-Hoc|iPhone.Deploy.0 = Release|Any CPU
		{610FF1DC-2260-4C57-9ECB-C84B1208D569}.Ad-Hoc|iPhoneSimulator.ActiveCfg = Release|Any CPU
		{610FF1DC-2260-4C57-9ECB-C84B1208D569}.Ad-Hoc|iPhoneSimulator.Build.0 = Release|Any CPU
		{610FF1DC-2260-4C57-9ECB-C84B1208D569}.Ad-Hoc|iPhoneSimulator.Deploy.0 = Release|Any CPU
		{610FF1DC-2260-4C57-9ECB-C84B1208D569}.Ad-Hoc|x64.ActiveCfg = Release|Any CPU
		{610FF1DC-2260-4C57-9ECB-C84B1208D569}.Ad-Hoc|x64.Build.0 = Release|Any CPU
		{610FF1DC-2260-4C57-9ECB-C84B1208D569}.Ad-Hoc|x64.Deploy.0 = Release|Any CPU
		{610FF1DC-2260-4C57-9ECB-C84B1208D569}.Ad-Hoc|x86.ActiveCfg = Release|Any CPU
		{610FF1DC-2260-4C57-9ECB-C84B1208D569}.Ad-Hoc|x86.Build.0 = Release|Any CPU
		{610FF1DC-2260-4C57-9ECB-C84B1208D569}.Ad-Hoc|x86.Deploy.0 = Release|Any CPU
		{610FF1DC-2260-4C57-9ECB-C84B1208D569}.AppStore|Any CPU.ActiveCfg = Release|Any CPU
		{610FF1DC-2260-4C57-9ECB-C84B1208D569}.AppStore|Any CPU.Build.0 = Release|Any CPU
		{610FF1DC-2260-4C57-9ECB-C84B1208D569}.AppStore|Any CPU.Deploy.0 = Release|Any CPU
		{610FF1DC-2260-4C57-9ECB-C84B1208D569}.AppStore|ARM.ActiveCfg = Release|Any CPU
		{610FF1DC-2260-4C57-9ECB-C84B1208D569}.AppStore|ARM.Build.0 = Release|Any CPU
		{610FF1DC-2260-4C57-9ECB-C84B1208D569}.AppStore|ARM.Deploy.0 = Release|Any CPU
		{610FF1DC-2260-4C57-9ECB-C84B1208D569}.AppStore|iPhone.ActiveCfg = Release|Any CPU
		{610FF1DC-2260-4C57-9ECB-C84B1208D569}.AppStore|iPhone.Build.0 = Release|Any CPU
		{610FF1DC-2260-4C57-9ECB-C84B1208D569}.AppStore|iPhone.Deploy.0 = Release|Any CPU
		{610FF1DC-2260-4C57-9ECB-C84B1208D569}.AppStore|iPhoneSimulator.ActiveCfg = Release|Any CPU
		{610FF1DC-2260-4C57-9ECB-C84B1208D569}.AppStore|iPhoneSimulator.Build.0 = Release|Any CPU
		{610FF1DC-2260-4C57-9ECB-C84B1208D569}.AppStore|iPhoneSimulator.Deploy.0 = Release|Any CPU
		{610FF1DC-2260-4C57-9ECB-C84B1208D569}.AppStore|x64.ActiveCfg = Release|Any CPU
		{610FF1DC-2260-4C57-9ECB-C84B1208D569}.AppStore|x64.Build.0 = Release|Any CPU
		{610FF1DC-2260-4C57-9ECB-C84B1208D569}.AppStore|x64.Deploy.0 = Release|Any CPU
		{610FF1DC-2260-4C57-9ECB-C84B1208D569}.AppStore|x86.ActiveCfg = Release|Any CPU
		{610FF1DC-2260-4C57-9ECB-C84B1208D569}.AppStore|x86.Build.0 = Release|Any CPU
		{610FF1DC-2260-4C57-9ECB-C84B1208D569}.AppStore|x86.Deploy.0 = Release|Any CPU
		{610FF1DC-2260-4C57-9ECB-C84B1208D569}.Debug|Any CPU.ActiveCfg = Debug|Any CPU
		{610FF1DC-2260-4C57-9ECB-C84B1208D569}.Debug|Any CPU.Build.0 = Debug|Any CPU
		{610FF1DC-2260-4C57-9ECB-C84B1208D569}.Debug|Any CPU.Deploy.0 = Debug|Any CPU
		{610FF1DC-2260-4C57-9ECB-C84B1208D569}.Debug|ARM.ActiveCfg = Debug|Any CPU
		{610FF1DC-2260-4C57-9ECB-C84B1208D569}.Debug|ARM.Build.0 = Debug|Any CPU
		{610FF1DC-2260-4C57-9ECB-C84B1208D569}.Debug|ARM.Deploy.0 = Debug|Any CPU
		{610FF1DC-2260-4C57-9ECB-C84B1208D569}.Debug|iPhone.ActiveCfg = Debug|Any CPU
		{610FF1DC-2260-4C57-9ECB-C84B1208D569}.Debug|iPhone.Build.0 = Debug|Any CPU
		{610FF1DC-2260-4C57-9ECB-C84B1208D569}.Debug|iPhone.Deploy.0 = Debug|Any CPU
		{610FF1DC-2260-4C57-9ECB-C84B1208D569}.Debug|iPhoneSimulator.ActiveCfg = Debug|Any CPU
		{610FF1DC-2260-4C57-9ECB-C84B1208D569}.Debug|iPhoneSimulator.Build.0 = Debug|Any CPU
		{610FF1DC-2260-4C57-9ECB-C84B1208D569}.Debug|iPhoneSimulator.Deploy.0 = Debug|Any CPU
		{610FF1DC-2260-4C57-9ECB-C84B1208D569}.Debug|x64.ActiveCfg = Debug|Any CPU
		{610FF1DC-2260-4C57-9ECB-C84B1208D569}.Debug|x64.Build.0 = Debug|Any CPU
		{610FF1DC-2260-4C57-9ECB-C84B1208D569}.Debug|x64.Deploy.0 = Debug|Any CPU
		{610FF1DC-2260-4C57-9ECB-C84B1208D569}.Debug|x86.ActiveCfg = Debug|Any CPU
		{610FF1DC-2260-4C57-9ECB-C84B1208D569}.Debug|x86.Build.0 = Debug|Any CPU
		{610FF1DC-2260-4C57-9ECB-C84B1208D569}.Debug|x86.Deploy.0 = Debug|Any CPU
		{610FF1DC-2260-4C57-9ECB-C84B1208D569}.Release|Any CPU.ActiveCfg = Release|Any CPU
		{610FF1DC-2260-4C57-9ECB-C84B1208D569}.Release|Any CPU.Build.0 = Release|Any CPU
		{610FF1DC-2260-4C57-9ECB-C84B1208D569}.Release|Any CPU.Deploy.0 = Release|Any CPU
		{610FF1DC-2260-4C57-9ECB-C84B1208D569}.Release|ARM.ActiveCfg = Release|Any CPU
		{610FF1DC-2260-4C57-9ECB-C84B1208D569}.Release|ARM.Build.0 = Release|Any CPU
		{610FF1DC-2260-4C57-9ECB-C84B1208D569}.Release|ARM.Deploy.0 = Release|Any CPU
		{610FF1DC-2260-4C57-9ECB-C84B1208D569}.Release|iPhone.ActiveCfg = Release|Any CPU
		{610FF1DC-2260-4C57-9ECB-C84B1208D569}.Release|iPhone.Build.0 = Release|Any CPU
		{610FF1DC-2260-4C57-9ECB-C84B1208D569}.Release|iPhone.Deploy.0 = Release|Any CPU
		{610FF1DC-2260-4C57-9ECB-C84B1208D569}.Release|iPhoneSimulator.ActiveCfg = Release|Any CPU
		{610FF1DC-2260-4C57-9ECB-C84B1208D569}.Release|iPhoneSimulator.Build.0 = Release|Any CPU
		{610FF1DC-2260-4C57-9ECB-C84B1208D569}.Release|iPhoneSimulator.Deploy.0 = Release|Any CPU
		{610FF1DC-2260-4C57-9ECB-C84B1208D569}.Release|x64.ActiveCfg = Release|Any CPU
		{610FF1DC-2260-4C57-9ECB-C84B1208D569}.Release|x64.Build.0 = Release|Any CPU
		{610FF1DC-2260-4C57-9ECB-C84B1208D569}.Release|x64.Deploy.0 = Release|Any CPU
		{610FF1DC-2260-4C57-9ECB-C84B1208D569}.Release|x86.ActiveCfg = Release|Any CPU
		{610FF1DC-2260-4C57-9ECB-C84B1208D569}.Release|x86.Build.0 = Release|Any CPU
		{610FF1DC-2260-4C57-9ECB-C84B1208D569}.Release|x86.Deploy.0 = Release|Any CPU
		{DD97D5A4-B86D-4D3E-B47F-752B8FDE81CF}.Ad-Hoc|Any CPU.ActiveCfg = Ad-Hoc|iPhone
		{DD97D5A4-B86D-4D3E-B47F-752B8FDE81CF}.Ad-Hoc|ARM.ActiveCfg = Ad-Hoc|iPhone
		{DD97D5A4-B86D-4D3E-B47F-752B8FDE81CF}.Ad-Hoc|iPhone.ActiveCfg = Ad-Hoc|iPhone
		{DD97D5A4-B86D-4D3E-B47F-752B8FDE81CF}.Ad-Hoc|iPhone.Build.0 = Ad-Hoc|iPhone
		{DD97D5A4-B86D-4D3E-B47F-752B8FDE81CF}.Ad-Hoc|iPhoneSimulator.ActiveCfg = Ad-Hoc|iPhoneSimulator
		{DD97D5A4-B86D-4D3E-B47F-752B8FDE81CF}.Ad-Hoc|iPhoneSimulator.Build.0 = Ad-Hoc|iPhoneSimulator
		{DD97D5A4-B86D-4D3E-B47F-752B8FDE81CF}.Ad-Hoc|x64.ActiveCfg = Ad-Hoc|iPhone
		{DD97D5A4-B86D-4D3E-B47F-752B8FDE81CF}.Ad-Hoc|x86.ActiveCfg = Ad-Hoc|iPhone
		{DD97D5A4-B86D-4D3E-B47F-752B8FDE81CF}.AppStore|Any CPU.ActiveCfg = AppStore|iPhone
		{DD97D5A4-B86D-4D3E-B47F-752B8FDE81CF}.AppStore|ARM.ActiveCfg = AppStore|iPhone
		{DD97D5A4-B86D-4D3E-B47F-752B8FDE81CF}.AppStore|iPhone.ActiveCfg = AppStore|iPhone
		{DD97D5A4-B86D-4D3E-B47F-752B8FDE81CF}.AppStore|iPhone.Build.0 = AppStore|iPhone
		{DD97D5A4-B86D-4D3E-B47F-752B8FDE81CF}.AppStore|iPhoneSimulator.ActiveCfg = AppStore|iPhoneSimulator
		{DD97D5A4-B86D-4D3E-B47F-752B8FDE81CF}.AppStore|iPhoneSimulator.Build.0 = AppStore|iPhoneSimulator
		{DD97D5A4-B86D-4D3E-B47F-752B8FDE81CF}.AppStore|x64.ActiveCfg = AppStore|iPhone
		{DD97D5A4-B86D-4D3E-B47F-752B8FDE81CF}.AppStore|x86.ActiveCfg = AppStore|iPhone
		{DD97D5A4-B86D-4D3E-B47F-752B8FDE81CF}.Debug|Any CPU.ActiveCfg = Debug|iPhone
		{DD97D5A4-B86D-4D3E-B47F-752B8FDE81CF}.Debug|ARM.ActiveCfg = Debug|iPhone
		{DD97D5A4-B86D-4D3E-B47F-752B8FDE81CF}.Debug|iPhone.ActiveCfg = Debug|iPhone
		{DD97D5A4-B86D-4D3E-B47F-752B8FDE81CF}.Debug|iPhone.Build.0 = Debug|iPhone
		{DD97D5A4-B86D-4D3E-B47F-752B8FDE81CF}.Debug|iPhoneSimulator.ActiveCfg = Debug|iPhoneSimulator
		{DD97D5A4-B86D-4D3E-B47F-752B8FDE81CF}.Debug|iPhoneSimulator.Build.0 = Debug|iPhoneSimulator
		{DD97D5A4-B86D-4D3E-B47F-752B8FDE81CF}.Debug|x64.ActiveCfg = Debug|iPhone
		{DD97D5A4-B86D-4D3E-B47F-752B8FDE81CF}.Debug|x86.ActiveCfg = Debug|iPhone
		{DD97D5A4-B86D-4D3E-B47F-752B8FDE81CF}.Release|Any CPU.ActiveCfg = Release|iPhone
		{DD97D5A4-B86D-4D3E-B47F-752B8FDE81CF}.Release|ARM.ActiveCfg = Release|iPhone
		{DD97D5A4-B86D-4D3E-B47F-752B8FDE81CF}.Release|iPhone.ActiveCfg = Release|iPhone
		{DD97D5A4-B86D-4D3E-B47F-752B8FDE81CF}.Release|iPhone.Build.0 = Release|iPhone
		{DD97D5A4-B86D-4D3E-B47F-752B8FDE81CF}.Release|iPhoneSimulator.ActiveCfg = Release|iPhoneSimulator
		{DD97D5A4-B86D-4D3E-B47F-752B8FDE81CF}.Release|iPhoneSimulator.Build.0 = Release|iPhoneSimulator
		{DD97D5A4-B86D-4D3E-B47F-752B8FDE81CF}.Release|x64.ActiveCfg = Release|iPhone
		{DD97D5A4-B86D-4D3E-B47F-752B8FDE81CF}.Release|x86.ActiveCfg = Release|iPhone
		{FE39B1E2-618E-4155-9844-5FCCAB388229}.Ad-Hoc|Any CPU.ActiveCfg = Release|Any CPU
		{FE39B1E2-618E-4155-9844-5FCCAB388229}.Ad-Hoc|Any CPU.Build.0 = Release|Any CPU
		{FE39B1E2-618E-4155-9844-5FCCAB388229}.Ad-Hoc|Any CPU.Deploy.0 = Release|Any CPU
		{FE39B1E2-618E-4155-9844-5FCCAB388229}.Ad-Hoc|ARM.ActiveCfg = Release|ARM
		{FE39B1E2-618E-4155-9844-5FCCAB388229}.Ad-Hoc|ARM.Build.0 = Release|ARM
		{FE39B1E2-618E-4155-9844-5FCCAB388229}.Ad-Hoc|ARM.Deploy.0 = Release|ARM
		{FE39B1E2-618E-4155-9844-5FCCAB388229}.Ad-Hoc|iPhone.ActiveCfg = Release|Any CPU
		{FE39B1E2-618E-4155-9844-5FCCAB388229}.Ad-Hoc|iPhone.Build.0 = Release|Any CPU
		{FE39B1E2-618E-4155-9844-5FCCAB388229}.Ad-Hoc|iPhone.Deploy.0 = Release|Any CPU
		{FE39B1E2-618E-4155-9844-5FCCAB388229}.Ad-Hoc|iPhoneSimulator.ActiveCfg = Release|Any CPU
		{FE39B1E2-618E-4155-9844-5FCCAB388229}.Ad-Hoc|iPhoneSimulator.Build.0 = Release|Any CPU
		{FE39B1E2-618E-4155-9844-5FCCAB388229}.Ad-Hoc|iPhoneSimulator.Deploy.0 = Release|Any CPU
		{FE39B1E2-618E-4155-9844-5FCCAB388229}.Ad-Hoc|x64.ActiveCfg = Release|Any CPU
		{FE39B1E2-618E-4155-9844-5FCCAB388229}.Ad-Hoc|x64.Build.0 = Release|Any CPU
		{FE39B1E2-618E-4155-9844-5FCCAB388229}.Ad-Hoc|x64.Deploy.0 = Release|Any CPU
		{FE39B1E2-618E-4155-9844-5FCCAB388229}.Ad-Hoc|x86.ActiveCfg = Release|x86
		{FE39B1E2-618E-4155-9844-5FCCAB388229}.Ad-Hoc|x86.Build.0 = Release|x86
		{FE39B1E2-618E-4155-9844-5FCCAB388229}.Ad-Hoc|x86.Deploy.0 = Release|x86
		{FE39B1E2-618E-4155-9844-5FCCAB388229}.AppStore|Any CPU.ActiveCfg = Release|Any CPU
		{FE39B1E2-618E-4155-9844-5FCCAB388229}.AppStore|Any CPU.Build.0 = Release|Any CPU
		{FE39B1E2-618E-4155-9844-5FCCAB388229}.AppStore|Any CPU.Deploy.0 = Release|Any CPU
		{FE39B1E2-618E-4155-9844-5FCCAB388229}.AppStore|ARM.ActiveCfg = Release|ARM
		{FE39B1E2-618E-4155-9844-5FCCAB388229}.AppStore|ARM.Build.0 = Release|ARM
		{FE39B1E2-618E-4155-9844-5FCCAB388229}.AppStore|ARM.Deploy.0 = Release|ARM
		{FE39B1E2-618E-4155-9844-5FCCAB388229}.AppStore|iPhone.ActiveCfg = Release|Any CPU
		{FE39B1E2-618E-4155-9844-5FCCAB388229}.AppStore|iPhone.Build.0 = Release|Any CPU
		{FE39B1E2-618E-4155-9844-5FCCAB388229}.AppStore|iPhone.Deploy.0 = Release|Any CPU
		{FE39B1E2-618E-4155-9844-5FCCAB388229}.AppStore|iPhoneSimulator.ActiveCfg = Release|Any CPU
		{FE39B1E2-618E-4155-9844-5FCCAB388229}.AppStore|iPhoneSimulator.Build.0 = Release|Any CPU
		{FE39B1E2-618E-4155-9844-5FCCAB388229}.AppStore|iPhoneSimulator.Deploy.0 = Release|Any CPU
		{FE39B1E2-618E-4155-9844-5FCCAB388229}.AppStore|x64.ActiveCfg = Release|Any CPU
		{FE39B1E2-618E-4155-9844-5FCCAB388229}.AppStore|x64.Build.0 = Release|Any CPU
		{FE39B1E2-618E-4155-9844-5FCCAB388229}.AppStore|x64.Deploy.0 = Release|Any CPU
		{FE39B1E2-618E-4155-9844-5FCCAB388229}.AppStore|x86.ActiveCfg = Release|x86
		{FE39B1E2-618E-4155-9844-5FCCAB388229}.AppStore|x86.Build.0 = Release|x86
		{FE39B1E2-618E-4155-9844-5FCCAB388229}.AppStore|x86.Deploy.0 = Release|x86
		{FE39B1E2-618E-4155-9844-5FCCAB388229}.Debug|Any CPU.ActiveCfg = Debug|Any CPU
		{FE39B1E2-618E-4155-9844-5FCCAB388229}.Debug|Any CPU.Build.0 = Debug|Any CPU
		{FE39B1E2-618E-4155-9844-5FCCAB388229}.Debug|Any CPU.Deploy.0 = Debug|Any CPU
		{FE39B1E2-618E-4155-9844-5FCCAB388229}.Debug|ARM.ActiveCfg = Debug|ARM
		{FE39B1E2-618E-4155-9844-5FCCAB388229}.Debug|ARM.Build.0 = Debug|ARM
		{FE39B1E2-618E-4155-9844-5FCCAB388229}.Debug|ARM.Deploy.0 = Debug|ARM
		{FE39B1E2-618E-4155-9844-5FCCAB388229}.Debug|iPhone.ActiveCfg = Debug|Any CPU
		{FE39B1E2-618E-4155-9844-5FCCAB388229}.Debug|iPhone.Build.0 = Debug|Any CPU
		{FE39B1E2-618E-4155-9844-5FCCAB388229}.Debug|iPhone.Deploy.0 = Debug|Any CPU
		{FE39B1E2-618E-4155-9844-5FCCAB388229}.Debug|iPhoneSimulator.ActiveCfg = Debug|Any CPU
		{FE39B1E2-618E-4155-9844-5FCCAB388229}.Debug|iPhoneSimulator.Build.0 = Debug|Any CPU
		{FE39B1E2-618E-4155-9844-5FCCAB388229}.Debug|iPhoneSimulator.Deploy.0 = Debug|Any CPU
		{FE39B1E2-618E-4155-9844-5FCCAB388229}.Debug|x64.ActiveCfg = Debug|Any CPU
		{FE39B1E2-618E-4155-9844-5FCCAB388229}.Debug|x64.Build.0 = Debug|Any CPU
		{FE39B1E2-618E-4155-9844-5FCCAB388229}.Debug|x64.Deploy.0 = Debug|Any CPU
		{FE39B1E2-618E-4155-9844-5FCCAB388229}.Debug|x86.ActiveCfg = Debug|x86
		{FE39B1E2-618E-4155-9844-5FCCAB388229}.Debug|x86.Build.0 = Debug|x86
		{FE39B1E2-618E-4155-9844-5FCCAB388229}.Debug|x86.Deploy.0 = Debug|x86
		{FE39B1E2-618E-4155-9844-5FCCAB388229}.Release|Any CPU.ActiveCfg = Release|Any CPU
		{FE39B1E2-618E-4155-9844-5FCCAB388229}.Release|Any CPU.Build.0 = Release|Any CPU
		{FE39B1E2-618E-4155-9844-5FCCAB388229}.Release|Any CPU.Deploy.0 = Release|Any CPU
		{FE39B1E2-618E-4155-9844-5FCCAB388229}.Release|ARM.ActiveCfg = Release|ARM
		{FE39B1E2-618E-4155-9844-5FCCAB388229}.Release|ARM.Build.0 = Release|ARM
		{FE39B1E2-618E-4155-9844-5FCCAB388229}.Release|ARM.Deploy.0 = Release|ARM
		{FE39B1E2-618E-4155-9844-5FCCAB388229}.Release|iPhone.ActiveCfg = Release|Any CPU
		{FE39B1E2-618E-4155-9844-5FCCAB388229}.Release|iPhone.Build.0 = Release|Any CPU
		{FE39B1E2-618E-4155-9844-5FCCAB388229}.Release|iPhone.Deploy.0 = Release|Any CPU
		{FE39B1E2-618E-4155-9844-5FCCAB388229}.Release|iPhoneSimulator.ActiveCfg = Release|Any CPU
		{FE39B1E2-618E-4155-9844-5FCCAB388229}.Release|iPhoneSimulator.Build.0 = Release|Any CPU
		{FE39B1E2-618E-4155-9844-5FCCAB388229}.Release|iPhoneSimulator.Deploy.0 = Release|Any CPU
		{FE39B1E2-618E-4155-9844-5FCCAB388229}.Release|x64.ActiveCfg = Release|Any CPU
		{FE39B1E2-618E-4155-9844-5FCCAB388229}.Release|x64.Build.0 = Release|Any CPU
		{FE39B1E2-618E-4155-9844-5FCCAB388229}.Release|x64.Deploy.0 = Release|Any CPU
		{FE39B1E2-618E-4155-9844-5FCCAB388229}.Release|x86.ActiveCfg = Release|x86
		{FE39B1E2-618E-4155-9844-5FCCAB388229}.Release|x86.Build.0 = Release|x86
		{FE39B1E2-618E-4155-9844-5FCCAB388229}.Release|x86.Deploy.0 = Release|x86
		{33A197B0-6CC5-4DE6-95AD-F3FD8C823B4F}.Ad-Hoc|Any CPU.ActiveCfg = Release|Any CPU
		{33A197B0-6CC5-4DE6-95AD-F3FD8C823B4F}.Ad-Hoc|Any CPU.Build.0 = Release|Any CPU
		{33A197B0-6CC5-4DE6-95AD-F3FD8C823B4F}.Ad-Hoc|ARM.ActiveCfg = Release|Any CPU
		{33A197B0-6CC5-4DE6-95AD-F3FD8C823B4F}.Ad-Hoc|ARM.Build.0 = Release|Any CPU
		{33A197B0-6CC5-4DE6-95AD-F3FD8C823B4F}.Ad-Hoc|iPhone.ActiveCfg = Release|Any CPU
		{33A197B0-6CC5-4DE6-95AD-F3FD8C823B4F}.Ad-Hoc|iPhone.Build.0 = Release|Any CPU
		{33A197B0-6CC5-4DE6-95AD-F3FD8C823B4F}.Ad-Hoc|iPhoneSimulator.ActiveCfg = Release|Any CPU
		{33A197B0-6CC5-4DE6-95AD-F3FD8C823B4F}.Ad-Hoc|iPhoneSimulator.Build.0 = Release|Any CPU
		{33A197B0-6CC5-4DE6-95AD-F3FD8C823B4F}.Ad-Hoc|x64.ActiveCfg = Release|Any CPU
		{33A197B0-6CC5-4DE6-95AD-F3FD8C823B4F}.Ad-Hoc|x64.Build.0 = Release|Any CPU
		{33A197B0-6CC5-4DE6-95AD-F3FD8C823B4F}.Ad-Hoc|x86.ActiveCfg = Release|Any CPU
		{33A197B0-6CC5-4DE6-95AD-F3FD8C823B4F}.Ad-Hoc|x86.Build.0 = Release|Any CPU
		{33A197B0-6CC5-4DE6-95AD-F3FD8C823B4F}.AppStore|Any CPU.ActiveCfg = Release|Any CPU
		{33A197B0-6CC5-4DE6-95AD-F3FD8C823B4F}.AppStore|Any CPU.Build.0 = Release|Any CPU
		{33A197B0-6CC5-4DE6-95AD-F3FD8C823B4F}.AppStore|ARM.ActiveCfg = Release|Any CPU
		{33A197B0-6CC5-4DE6-95AD-F3FD8C823B4F}.AppStore|ARM.Build.0 = Release|Any CPU
		{33A197B0-6CC5-4DE6-95AD-F3FD8C823B4F}.AppStore|iPhone.ActiveCfg = Release|Any CPU
		{33A197B0-6CC5-4DE6-95AD-F3FD8C823B4F}.AppStore|iPhone.Build.0 = Release|Any CPU
		{33A197B0-6CC5-4DE6-95AD-F3FD8C823B4F}.AppStore|iPhoneSimulator.ActiveCfg = Release|Any CPU
		{33A197B0-6CC5-4DE6-95AD-F3FD8C823B4F}.AppStore|iPhoneSimulator.Build.0 = Release|Any CPU
		{33A197B0-6CC5-4DE6-95AD-F3FD8C823B4F}.AppStore|x64.ActiveCfg = Release|Any CPU
		{33A197B0-6CC5-4DE6-95AD-F3FD8C823B4F}.AppStore|x64.Build.0 = Release|Any CPU
		{33A197B0-6CC5-4DE6-95AD-F3FD8C823B4F}.AppStore|x86.ActiveCfg = Release|Any CPU
		{33A197B0-6CC5-4DE6-95AD-F3FD8C823B4F}.AppStore|x86.Build.0 = Release|Any CPU
		{33A197B0-6CC5-4DE6-95AD-F3FD8C823B4F}.Debug|Any CPU.ActiveCfg = Debug|Any CPU
		{33A197B0-6CC5-4DE6-95AD-F3FD8C823B4F}.Debug|Any CPU.Build.0 = Debug|Any CPU
		{33A197B0-6CC5-4DE6-95AD-F3FD8C823B4F}.Debug|ARM.ActiveCfg = Debug|Any CPU
		{33A197B0-6CC5-4DE6-95AD-F3FD8C823B4F}.Debug|ARM.Build.0 = Debug|Any CPU
		{33A197B0-6CC5-4DE6-95AD-F3FD8C823B4F}.Debug|iPhone.ActiveCfg = Debug|Any CPU
		{33A197B0-6CC5-4DE6-95AD-F3FD8C823B4F}.Debug|iPhone.Build.0 = Debug|Any CPU
		{33A197B0-6CC5-4DE6-95AD-F3FD8C823B4F}.Debug|iPhoneSimulator.ActiveCfg = Debug|Any CPU
		{33A197B0-6CC5-4DE6-95AD-F3FD8C823B4F}.Debug|iPhoneSimulator.Build.0 = Debug|Any CPU
		{33A197B0-6CC5-4DE6-95AD-F3FD8C823B4F}.Debug|x64.ActiveCfg = Debug|Any CPU
		{33A197B0-6CC5-4DE6-95AD-F3FD8C823B4F}.Debug|x64.Build.0 = Debug|Any CPU
		{33A197B0-6CC5-4DE6-95AD-F3FD8C823B4F}.Debug|x86.ActiveCfg = Debug|Any CPU
		{33A197B0-6CC5-4DE6-95AD-F3FD8C823B4F}.Debug|x86.Build.0 = Debug|Any CPU
		{33A197B0-6CC5-4DE6-95AD-F3FD8C823B4F}.Release|Any CPU.ActiveCfg = Release|Any CPU
		{33A197B0-6CC5-4DE6-95AD-F3FD8C823B4F}.Release|Any CPU.Build.0 = Release|Any CPU
		{33A197B0-6CC5-4DE6-95AD-F3FD8C823B4F}.Release|ARM.ActiveCfg = Release|Any CPU
		{33A197B0-6CC5-4DE6-95AD-F3FD8C823B4F}.Release|ARM.Build.0 = Release|Any CPU
		{33A197B0-6CC5-4DE6-95AD-F3FD8C823B4F}.Release|iPhone.ActiveCfg = Release|Any CPU
		{33A197B0-6CC5-4DE6-95AD-F3FD8C823B4F}.Release|iPhone.Build.0 = Release|Any CPU
		{33A197B0-6CC5-4DE6-95AD-F3FD8C823B4F}.Release|iPhoneSimulator.ActiveCfg = Release|Any CPU
		{33A197B0-6CC5-4DE6-95AD-F3FD8C823B4F}.Release|iPhoneSimulator.Build.0 = Release|Any CPU
		{33A197B0-6CC5-4DE6-95AD-F3FD8C823B4F}.Release|x64.ActiveCfg = Release|Any CPU
		{33A197B0-6CC5-4DE6-95AD-F3FD8C823B4F}.Release|x64.Build.0 = Release|Any CPU
		{33A197B0-6CC5-4DE6-95AD-F3FD8C823B4F}.Release|x86.ActiveCfg = Release|Any CPU
		{33A197B0-6CC5-4DE6-95AD-F3FD8C823B4F}.Release|x86.Build.0 = Release|Any CPU
	EndGlobalSection
	GlobalSection(SolutionProperties) = preSolution
		HideSolutionNode = FALSE
	EndGlobalSection
EndGlobal
